
Microsoft Visual Studio Solution File, Format Version 12.00
# Visual Studio Version 17
VisualStudioVersion = 17.9.34622.214
MinimumVisualStudioVersion = 10.0.40219.1
Project("{FAE04EC0-301F-11D3-BF4B-00C04F79EFBC}") = "BasicMenu", "BasicMenu\BasicMenu.csproj", "{DE615033-2EE0-47B6-ACF2-F50836B35ED6}"
EndProject
Global
	GlobalSection(SolutionConfigurationPlatforms) = preSolution
		Debug|Any CPU = Debug|Any CPU
		Release|Any CPU = Release|Any CPU
	EndGlobalSection
	GlobalSection(ProjectConfigurationPlatforms) = postSolution
		{DE615033-2EE0-47B6-ACF2-F50836B35ED6}.Debug|Any CPU.ActiveCfg = Debug|Any CPU
		{DE615033-2EE0-47B6-ACF2-F50836B35ED6}.Debug|Any CPU.Build.0 = Debug|Any CPU
		{DE615033-2EE0-47B6-ACF2-F50836B35ED6}.Release|Any CPU.ActiveCfg = Release|Any CPU
		{DE615033-2EE0-47B6-ACF2-F50836B35ED6}.Release|Any CPU.Build.0 = Release|Any CPU
	EndGlobalSection
	GlobalSection(SolutionProperties) = preSolution
		HideSolutionNode = FALSE
	EndGlobalSection
	GlobalSection(ExtensibilityGlobals) = postSolution
		SolutionGuid = {2E36B878-BAEC-4469-8F43-535880309C5E}
	EndGlobalSection
EndGlobal
